
Microsoft Visual Studio Solution File, Format Version 12.00
# Visual Studio Version 17
VisualStudioVersion = 17.14.36705.20 d17.14
MinimumVisualStudioVersion = 10.0.40219.1
Project("{FAE04EC0-301F-11D3-BF4B-00C04F79EFBC}") = "MoodJournal", "MoodJournal.csproj", "{C2C2FD49-582D-4819-A586-465643A858D6}"
EndProject
Global
	GlobalSection(SolutionConfigurationPlatforms) = preSolution
		Debug|Any CPU = Debug|Any CPU
		Release|Any CPU = Release|Any CPU
	EndGlobalSection
	GlobalSection(ProjectConfigurationPlatforms) = postSolution
		{C2C2FD49-582D-4819-A586-465643A858D6}.Debug|Any CPU.ActiveCfg = Debug|Any CPU
		{C2C2FD49-582D-4819-A586-465643A858D6}.Debug|Any CPU.Build.0 = Debug|Any CPU
		{C2C2FD49-582D-4819-A586-465643A858D6}.Release|Any CPU.ActiveCfg = Release|Any CPU
		{C2C2FD49-582D-4819-A586-465643A858D6}.Release|Any CPU.Build.0 = Release|Any CPU
	EndGlobalSection
	GlobalSection(SolutionProperties) = preSolution
		HideSolutionNode = FALSE
	EndGlobalSection
	GlobalSection(ExtensibilityGlobals) = postSolution
		SolutionGuid = {8B946036-D6EF-4B2D-AA9F-F7A45FFCD2E8}
	EndGlobalSection
EndGlobal
